
Microsoft Visual Studio Solution File, Format Version 12.00
# Visual Studio Version 16
VisualStudioVersion = 16.0.30626.31
MinimumVisualStudioVersion = 10.0.40219.1
Project("{9A19103F-16F7-4668-BE54-9A1E7A4F7556}") = "ShoppingIt.Crm.Api", "ShoppingIt.Crm.Api\ShoppingIt.Crm.Api\ShoppingIt.Crm.Api.csproj", "{DF9ECED1-791C-435A-B85E-9F66C6AFC3E5}"
EndProject
Project("{9A19103F-16F7-4668-BE54-9A1E7A4F7556}") = "ShoppingIt.Crm.Tests", "ShoppingIt.Crm.Api\ShoppingIt.Crm.Tests\ShoppingIt.Crm.Tests.csproj", "{9DDA1080-5E8C-4966-932D-69E2EC7CDB2D}"
EndProject
Project("{9A19103F-16F7-4668-BE54-9A1E7A4F7556}") = "ShoppingIt.Crm.Core", "ShoppingIt.Crm.Core\ShoppingIt.Crm.Core.csproj", "{30288165-4D66-49C8-95B4-120BE69CCDE2}"
EndProject
Project("{9A19103F-16F7-4668-BE54-9A1E7A4F7556}") = "ShoppingIt.Crm.Domain", "ShoppingIt.Crm.Domain\ShoppingIt.Crm.Domain.csproj", "{D59EFCB0-85CE-4338-A036-5F1C1A9E8683}"
EndProject
Project("{9A19103F-16F7-4668-BE54-9A1E7A4F7556}") = "ShoppingIt.Crm.Infrastructure", "ShoppingIt.Crm.Infrastructure\ShoppingIt.Crm.Infrastructure.csproj", "{55567F7B-C40B-418B-A6DE-881434CE00CF}"
EndProject
Global
	GlobalSection(SolutionConfigurationPlatforms) = preSolution
		Debug|Any CPU = Debug|Any CPU
		Release|Any CPU = Release|Any CPU
	EndGlobalSection
	GlobalSection(ProjectConfigurationPlatforms) = postSolution
		{DF9ECED1-791C-435A-B85E-9F66C6AFC3E5}.Debug|Any CPU.ActiveCfg = Debug|Any CPU
		{DF9ECED1-791C-435A-B85E-9F66C6AFC3E5}.Debug|Any CPU.Build.0 = Debug|Any CPU
		{DF9ECED1-791C-435A-B85E-9F66C6AFC3E5}.Release|Any CPU.ActiveCfg = Release|Any CPU
		{DF9ECED1-791C-435A-B85E-9F66C6AFC3E5}.Release|Any CPU.Build.0 = Release|Any CPU
		{9DDA1080-5E8C-4966-932D-69E2EC7CDB2D}.Debug|Any CPU.ActiveCfg = Debug|Any CPU
		{9DDA1080-5E8C-4966-932D-69E2EC7CDB2D}.Debug|Any CPU.Build.0 = Debug|Any CPU
		{9DDA1080-5E8C-4966-932D-69E2EC7CDB2D}.Release|Any CPU.ActiveCfg = Release|Any CPU
		{9DDA1080-5E8C-4966-932D-69E2EC7CDB2D}.Release|Any CPU.Build.0 = Release|Any CPU
		{30288165-4D66-49C8-95B4-120BE69CCDE2}.Debug|Any CPU.ActiveCfg = Debug|Any CPU
		{30288165-4D66-49C8-95B4-120BE69CCDE2}.Debug|Any CPU.Build.0 = Debug|Any CPU
		{30288165-4D66-49C8-95B4-120BE69CCDE2}.Release|Any CPU.ActiveCfg = Release|Any CPU
		{30288165-4D66-49C8-95B4-120BE69CCDE2}.Release|Any CPU.Build.0 = Release|Any CPU
		{D59EFCB0-85CE-4338-A036-5F1C1A9E8683}.Debug|Any CPU.ActiveCfg = Debug|Any CPU
		{D59EFCB0-85CE-4338-A036-5F1C1A9E8683}.Debug|Any CPU.Build.0 = Debug|Any CPU
		{D59EFCB0-85CE-4338-A036-5F1C1A9E8683}.Release|Any CPU.ActiveCfg = Release|Any CPU
		{D59EFCB0-85CE-4338-A036-5F1C1A9E8683}.Release|Any CPU.Build.0 = Release|Any CPU
		{55567F7B-C40B-418B-A6DE-881434CE00CF}.Debug|Any CPU.ActiveCfg = Debug|Any CPU
		{55567F7B-C40B-418B-A6DE-881434CE00CF}.Debug|Any CPU.Build.0 = Debug|Any CPU
		{55567F7B-C40B-418B-A6DE-881434CE00CF}.Release|Any CPU.ActiveCfg = Release|Any CPU
		{55567F7B-C40B-418B-A6DE-881434CE00CF}.Release|Any CPU.Build.0 = Release|Any CPU
	EndGlobalSection
	GlobalSection(SolutionProperties) = preSolution
		HideSolutionNode = FALSE
	EndGlobalSection
	GlobalSection(ExtensibilityGlobals) = postSolution
		SolutionGuid = {4C719A4B-FD29-4427-A737-7C35DAD17CE9}
	EndGlobalSection
EndGlobal
